{
  "requires": true,
  "lockfileVersion": 1,
  "dependencies": {
    "babel-runtime": {
      "version": "6.26.0",
      "resolved": "https://registry.npmjs.org/babel-runtime/-/babel-runtime-6.26.0.tgz",
      "integrity": "sha512-ITKNuq2wKlW1fJg9sSW52eepoYgZBggvOAHC0u/CYu/qxQ9EVzThCgR69BnSXLHjy2f7SY5zaQ4yt7H9ZVxY2g==",
      "requires": {
        "core-js": "^2.4.0",
        "regenerator-runtime": "^0.11.0"
      }
    },
    "core-js": {
      "version": "2.6.12",
      "resolved": "https://registry.npmjs.org/core-js/-/core-js-2.6.12.tgz",
      "integrity": "sha512-Kb2wC0fvsWfQrgk8HU5lW6U/Lcs8+9aaYcy4ZFc6DDlo4nZ7n70dEgE5rtR0oG6ufKDUnrwfWL1mXR5ljDatrQ=="
    },
    "herculex": {
      "version": "0.3.0-beta.5",
      "resolved": "https://registry.npmjs.org/herculex/-/herculex-0.3.0-beta.5.tgz",
      "integrity": "sha512-BpWfMP79dce56m8ioGDq8x6HRk/k58BZh9MpXo9vHxnxHRsj/MfR9yGFJ3GFLuGno+kHKgopK+jYcYyJBLxD0w==",
      "requires": {
        "babel-runtime": "^6.26.0",
        "immer": "^1.7.2",
        "immutability-helper-enhanced": "^2.8.1"
      }
    },
    "immer": {
      "version": "1.12.1",
      "resolved": "https://registry.npmjs.org/immer/-/immer-1.12.1.tgz",
      "integrity": "sha512-3fmKM6ovaqDt0CdC9daXpNi5x/YCYS3i4cwLdTVkhJdk5jrDXoPs7lCm3IqM3yhfSnz4tjjxbRG2CziQ7m8ztg=="
    },
    "immutability-helper-enhanced": {
      "version": "2.8.1",
      "resolved": "https://registry.npmjs.org/immutability-helper-enhanced/-/immutability-helper-enhanced-2.8.1.tgz",
      "integrity": "sha512-Eio8SgH3Ek49+jnwXKmRV3K1+hGGyecWEhi+g3UB0bgcXd7iLwB/KOMuaXK3+KPKKi/Zic+QAOsrkVzqcZMM5g=="
    },
    "mini-antui": {
      "version": "0.3.13",
      "resolved": "https://registry.npmjs.org/mini-antui/-/mini-antui-0.3.13.tgz",
      "integrity": "sha512-i/NJ8f/ZqmqK9hrtv71wcuvaWW5CqX7C85XfwbYKGu7kLniCrznEH3nOSA7j0iNt8dp/uP3o1mvTXLy0SihcZg=="
    },
    "moment": {
      "version": "2.29.4",
      "resolved": "https://registry.npmjs.org/moment/-/moment-2.29.4.tgz",
      "integrity": "sha512-5LC9SOxjSc2HF6vO2CyuTDNivEdoz2IvyJJGj6X8DJ0eFyfszE0QiEd+iXmBvUP3WHxSjFH/vIsA0EN00cgr8w=="
    },
    "regenerator-runtime": {
      "version": "0.11.1",
      "resolved": "https://registry.npmjs.org/regenerator-runtime/-/regenerator-runtime-0.11.1.tgz",
      "integrity": "sha512-MguG95oij0fC3QV3URf4V2SDYGJhJnJGqvIIgdECeODCT98wSWDAJ94SSuVpYQUoTcGUIL6L4yNB7j1DFFHSBg=="
    }
  }
}
