{
  "requires": true,
  "lockfileVersion": 1,
  "dependencies": {
    "herculex": {
      "version": "0.3.0-alpha.3",
      "resolved": "https://registry.npmjs.org/herculex/-/herculex-0.3.0-alpha.3.tgz",
      "integrity": "sha512-xzZzgFVAcQvBQwfKDmnCLYpJHG0d5TI+G9vMVx/uO9bQWeD/k8VlD13eRinyXX+aSKdXZ52yOMGygtFF6nk8wg==",
      "requires": {
        "immer": "^1.7.2",
        "immutability-helper-enhanced": "^2.8.1"
      }
    },
    "immer": {
      "version": "1.12.1",
      "resolved": "https://registry.npmjs.org/immer/-/immer-1.12.1.tgz",
      "integrity": "sha512-3fmKM6ovaqDt0CdC9daXpNi5x/YCYS3i4cwLdTVkhJdk5jrDXoPs7lCm3IqM3yhfSnz4tjjxbRG2CziQ7m8ztg=="
    },
    "immutability-helper-enhanced": {
      "version": "2.8.1",
      "resolved": "https://registry.npmjs.org/immutability-helper-enhanced/-/immutability-helper-enhanced-2.8.1.tgz",
      "integrity": "sha512-Eio8SgH3Ek49+jnwXKmRV3K1+hGGyecWEhi+g3UB0bgcXd7iLwB/KOMuaXK3+KPKKi/Zic+QAOsrkVzqcZMM5g=="
    },
    "mini-ali-ui": {
      "version": "1.0.3",
      "resolved": "https://registry.npmjs.org/mini-ali-ui/-/mini-ali-ui-1.0.3.tgz",
      "integrity": "sha512-uU6VYNe6lPRZnEAguYQXmoI16bPT7op2eixJx6+DThjAVVei7SLN00XVPBFtJUgE6ZN1jtT9GXXOmiB5yQC0/g=="
    },
    "mini-antui": {
      "version": "0.4.35",
      "resolved": "https://registry.npmjs.org/mini-antui/-/mini-antui-0.4.35.tgz",
      "integrity": "sha512-thLRUH418UN0rps+Dnt+iz1W4Ac/v8ZMscH6mgQmhkvvPd1q6vNFRXL2kIfemm9F6bG+WN2Lpik2qB0qqqieew=="
    },
    "moment": {
      "version": "2.24.0",
      "resolved": "https://registry.npmjs.org/moment/-/moment-2.24.0.tgz",
      "integrity": "sha512-bV7f+6l2QigeBBZSM/6yTNq4P2fNpSWj/0e7jQcy87A8e7o2nAfP/34/2ky5Vw4B9S446EtIhodAzkFCcR4dQg=="
    }
  }
}
